
Microsoft Visual Studio Solution File, Format Version 12.00
# Visual Studio Version 17
VisualStudioVersion = 17.3.32929.385
MinimumVisualStudioVersion = 10.0.40219.1
Project("{9A19103F-16F7-4668-BE54-9A1E7A4F7556}") = "Cards.API", "Cards.API\Cards.API.csproj", "{FAD79829-66D1-4E24-831E-5CCD7E45995B}"
EndProject
Project("{9A19103F-16F7-4668-BE54-9A1E7A4F7556}") = "NUnitTestsCard", "NUnitTestProject1\NUnitTestsCard.csproj", "{FE9EC712-7DAC-4D45-8834-E29AFA8A9ED9}"
EndProject
Global
	GlobalSection(SolutionConfigurationPlatforms) = preSolution
		Debug|Any CPU = Debug|Any CPU
		Release|Any CPU = Release|Any CPU
	EndGlobalSection
	GlobalSection(ProjectConfigurationPlatforms) = postSolution
		{FAD79829-66D1-4E24-831E-5CCD7E45995B}.Debug|Any CPU.ActiveCfg = Debug|Any CPU
		{FAD79829-66D1-4E24-831E-5CCD7E45995B}.Debug|Any CPU.Build.0 = Debug|Any CPU
		{FAD79829-66D1-4E24-831E-5CCD7E45995B}.Release|Any CPU.ActiveCfg = Release|Any CPU
		{FAD79829-66D1-4E24-831E-5CCD7E45995B}.Release|Any CPU.Build.0 = Release|Any CPU
		{FE9EC712-7DAC-4D45-8834-E29AFA8A9ED9}.Debug|Any CPU.ActiveCfg = Debug|Any CPU
		{FE9EC712-7DAC-4D45-8834-E29AFA8A9ED9}.Debug|Any CPU.Build.0 = Debug|Any CPU
		{FE9EC712-7DAC-4D45-8834-E29AFA8A9ED9}.Release|Any CPU.ActiveCfg = Release|Any CPU
		{FE9EC712-7DAC-4D45-8834-E29AFA8A9ED9}.Release|Any CPU.Build.0 = Release|Any CPU
	EndGlobalSection
	GlobalSection(SolutionProperties) = preSolution
		HideSolutionNode = FALSE
	EndGlobalSection
	GlobalSection(ExtensibilityGlobals) = postSolution
		SolutionGuid = {7FD70CCF-948C-48D2-B8C2-B900CF65EB71}
	EndGlobalSection
EndGlobal
